Microsoft Visual Studio Solution File, Format Version 12.00
# Visual Studio Version 17
VisualStudioVersion = 17.5.2.0
MinimumVisualStudioVersion = 10.0.40219.1
Project("{FAE04EC0-301F-11D3-BF4B-00C04F79EFBC}") = "AvaloniaDemo", "AvaloniaDemo.csproj", "{D5C79DA5-64FE-33A0-6D67-82E59F9F838E}"
EndProject
Global
	GlobalSection(SolutionConfigurationPlatforms) = preSolution
		Debug|Any CPU = Debug|Any CPU
		Release|Any CPU = Release|Any CPU
	EndGlobalSection
	GlobalSection(ProjectConfigurationPlatforms) = postSolution
		{D5C79DA5-64FE-33A0-6D67-82E59F9F838E}.Debug|Any CPU.ActiveCfg = Debug|Any CPU
		{D5C79DA5-64FE-33A0-6D67-82E59F9F838E}.Debug|Any CPU.Build.0 = Debug|Any CPU
		{D5C79DA5-64FE-33A0-6D67-82E59F9F838E}.Release|Any CPU.ActiveCfg = Release|Any CPU
		{D5C79DA5-64FE-33A0-6D67-82E59F9F838E}.Release|Any CPU.Build.0 = Release|Any CPU
	EndGlobalSection
	GlobalSection(SolutionProperties) = preSolution
		HideSolutionNode = FALSE
	EndGlobalSection
	GlobalSection(ExtensibilityGlobals) = postSolution
		SolutionGuid = {FAADEC9E-FE75-45E4-961D-CB46093AA6F7}
	EndGlobalSection
EndGlobal
